// !$*UTF8*$!
{
	archiveVersion = 1;
	classes = {
	};
	objectVersion = 51;
	objects = {

/* Begin PBXBuildFile section */
		AFA05DA42618A08C009EC984 /* AppDelegate.swift in Sources */ = {isa = PBXBuildFile; fileRef = AFA05DA32618A08C009EC984 /* AppDelegate.swift */; };
		AFA05DA62618A08C009EC984 /* SceneDelegate.swift in Sources */ = {isa = PBXBuildFile; fileRef = AFA05DA52618A08C009EC984 /* SceneDelegate.swift */; };
		AFA05DA82618A08C009EC984 /* ViewController.swift in Sources */ = {isa = PBXBuildFile; fileRef = AFA05DA72618A08C009EC984 /* ViewController.swift */; };
		AFA05DAB2618A08C009EC984 /* Main.storyboard in Resources */ = {isa = PBXBuildFile; fileRef = AFA05DA92618A08C009EC984 /* Main.storyboard */; };
		AFA05DAD2618A08E009EC984 /* Assets.xcassets in Resources */ = {isa = PBXBuildFile; fileRef = AFA05DAC2618A08E009EC984 /* Assets.xcassets */; };
		AFA05DB02618A08E009EC984 /* LaunchScreen.storyboard in Resources */ = {isa = PBXBuildFile; fileRef = AFA05DAE2618A08E009EC984 /* LaunchScreen.storyboard */; };
		AFA05DBE2618AD99009EC984 /* RegisterViewController.swift in Sources */ = {isa = PBXBuildFile; fileRef = AFA05DBD2618AD99009EC984 /* RegisterViewController.swift */; };
		AFA05DC12618B622009EC984 /* LoginViewController.swift in Sources */ = {isa = PBXBuildFile; fileRef = AFA05DC02618B622009EC984 /* LoginViewController.swift */; };
		AFA05DC42618B630009EC984 /* HomeViewController.swift in Sources */ = {isa = PBXBuildFile; fileRef = AFA05DC32618B630009EC984 /* HomeViewController.swift */; };
		AFA05DC72618B682009EC984 /* Constants.swift in Sources */ = {isa = PBXBuildFile; fileRef = AFA05DC62618B682009EC984 /* Constants.swift */; };
		AFA05DCA2618BB11009EC984 /* GoogleService-Info.plist in Resources */ = {isa = PBXBuildFile; fileRef = AFA05DC92618BB11009EC984 /* GoogleService-Info.plist */; };
		AFA05DDF26197E63009EC984 /* FoodDetails.swift in Sources */ = {isa = PBXBuildFile; fileRef = AFA05DDE26197E63009EC984 /* FoodDetails.swift */; };
		AFA05DE82619A364009EC984 /* FoodSelectCell.swift in Sources */ = {isa = PBXBuildFile; fileRef = AFA05DE62619A364009EC984 /* FoodSelectCell.swift */; };
		AFA05DE92619A364009EC984 /* FoodSelectCell.xib in Resources */ = {isa = PBXBuildFile; fileRef = AFA05DE72619A364009EC984 /* FoodSelectCell.xib */; };
		AFA05DEC261A19F8009EC984 /* FoodDetailsViewController.swift in Sources */ = {isa = PBXBuildFile; fileRef = AFA05DEB261A19F8009EC984 /* FoodDetailsViewController.swift */; };
		FAEE5F6E6A75380593E279B6 /* Pods_CafeNIBMV2.framework in Frameworks */ = {isa = PBXBuildFile; fileRef = 7A76BA084E1F22C26BC623EC /* Pods_CafeNIBMV2.framework */; };
/* End PBXBuildFile section */

/* Begin PBXFileReference section */
		7A76BA084E1F22C26BC623EC /* Pods_CafeNIBMV2.framework */ = {isa = PBXFileReference; explicitFileType = wrapper.framework; includeInIndex = 0; path = Pods_CafeNIBMV2.framework; sourceTree = BUILT_PRODUCTS_DIR; };
		8069CA927F7B9F800F9D8CF4 /* Pods-CafeNIBMV2.release.xcconfig */ = {isa = PBXFileReference; includeInIndex = 1; lastKnownFileType = text.xcconfig; name = "Pods-CafeNIBMV2.release.xcconfig"; path = "Target Support Files/Pods-CafeNIBMV2/Pods-CafeNIBMV2.release.xcconfig"; sourceTree = "<group>"; };
		AFA05DA02618A08C009EC984 /* CafeNIBMV2.app */ = {isa = PBXFileReference; explicitFileType = wrapper.application; includeInIndex = 0; path = CafeNIBMV2.app; sourceTree = BUILT_PRODUCTS_DIR; };
		AFA05DA32618A08C009EC984 /* AppDelegate.swift */ = {isa = PBXFileReference; lastKnownFileType = sourcecode.swift; path = AppDelegate.swift; sourceTree = "<group>"; };
		AFA05DA52618A08C009EC984 /* SceneDelegate.swift */ = {isa = PBXFileReference; lastKnownFileType = sourcecode.swift; path = SceneDelegate.swift; sourceTree = "<group>"; };
		AFA05DA72618A08C009EC984 /* ViewController.swift */ = {isa = PBXFileReference; lastKnownFileType = sourcecode.swift; path = ViewController.swift; sourceTree = "<group>"; };
		AFA05DAA2618A08C009EC984 /* Base */ = {isa = PBXFileReference; lastKnownFileType = file.storyboard; name = Base; path = Base.lproj/Main.storyboard; sourceTree = "<group>"; };
		AFA05DAC2618A08E009EC984 /* Assets.xcassets */ = {isa = PBXFileReference; lastKnownFileType = folder.assetcatalog; path = Assets.xcassets; sourceTree = "<group>"; };
		AFA05DAF2618A08E009EC984 /* Base */ = {isa = PBXFileReference; lastKnownFileType = file.storyboard; name = Base; path = Base.lproj/LaunchScreen.storyboard; sourceTree = "<group>"; };
		AFA05DB12618A08E009EC984 /* Info.plist */ = {isa = PBXFileReference; lastKnownFileType = text.plist.xml; path = Info.plist; sourceTree = "<group>"; };
		AFA05DBD2618AD99009EC984 /* RegisterViewController.swift */ = {isa = PBXFileReference; lastKnownFileType = sourcecode.swift; path = RegisterViewController.swift; sourceTree = "<group>"; };
		AFA05DC02618B622009EC984 /* LoginViewController.swift */ = {isa = PBXFileReference; lastKnownFileType = sourcecode.swift; path = LoginViewController.swift; sourceTree = "<group>"; };
		AFA05DC32618B630009EC984 /* HomeViewController.swift */ = {isa = PBXFileReference; lastKnownFileType = sourcecode.swift; path = HomeViewController.swift; sourceTree = "<group>"; };
		AFA05DC62618B682009EC984 /* Constants.swift */ = {isa = PBXFileReference; lastKnownFileType = sourcecode.swift; path = Constants.swift; sourceTree = "<group>"; };
		AFA05DC92618BB11009EC984 /* GoogleService-Info.plist */ = {isa = PBXFileReference; fileEncoding = 4; lastKnownFileType = text.plist.xml; path = "GoogleService-Info.plist"; sourceTree = "<group>"; };
		AFA05DDE26197E63009EC984 /* FoodDetails.swift */ = {isa = PBXFileReference; lastKnownFileType = sourcecode.swift; path = FoodDetails.swift; sourceTree = "<group>"; };
		AFA05DE62619A364009EC984 /* FoodSelectCell.swift */ = {isa = PBXFileReference; lastKnownFileType = sourcecode.swift; path = FoodSelectCell.swift; sourceTree = "<group>"; };
		AFA05DE72619A364009EC984 /* FoodSelectCell.xib */ = {isa = PBXFileReference; lastKnownFileType = file.xib; path = FoodSelectCell.xib; sourceTree = "<group>"; };
		AFA05DEB261A19F8009EC984 /* FoodDetailsViewController.swift */ = {isa = PBXFileReference; lastKnownFileType = sourcecode.swift; path = FoodDetailsViewController.swift; sourceTree = "<group>"; };
		F86A9B1C17341BCBF0565837 /* Pods-CafeNIBMV2.debug.xcconfig */ = {isa = PBXFileReference; includeInIndex = 1; lastKnownFileType = text.xcconfig; name = "Pods-CafeNIBMV2.debug.xcconfig"; path = "Target Support Files/Pods-CafeNIBMV2/Pods-CafeNIBMV2.debug.xcconfig"; sourceTree = "<group>"; };
/* End PBXFileReference section */

/* Begin PBXFrameworksBuildPhase section */
		AFA05D9D2618A08C009EC984 /* Frameworks */ = {
			isa = PBXFrameworksBuildPhase;
			buildActionMask = 2147483647;
			files = (
				FAEE5F6E6A75380593E279B6 /* Pods_CafeNIBMV2.framework in Frameworks */,
			);
			runOnlyForDeploymentPostprocessing = 0;
		};
/* End PBXFrameworksBuildPhase section */

/* Begin PBXGroup section */
		84A6728B9CAA4D4FDBCC0A81 /* Pods */ = {
			isa = PBXGroup;
			children = (
				F86A9B1C17341BCBF0565837 /* Pods-CafeNIBMV2.debug.xcconfig */,
				8069CA927F7B9F800F9D8CF4 /* Pods-CafeNIBMV2.release.xcconfig */,
			);
			path = Pods;
			sourceTree = "<group>";
		};
		A2B71ACBD72AF5EA3F12A9F3 /* Frameworks */ = {
			isa = PBXGroup;
			children = (
				7A76BA084E1F22C26BC623EC /* Pods_CafeNIBMV2.framework */,
			);
			name = Frameworks;
			sourceTree = "<group>";
		};
		AFA05D972618A08C009EC984 = {
			isa = PBXGroup;
			children = (
				AFA05DA22618A08C009EC984 /* CafeNIBMV2 */,
				AFA05DA12618A08C009EC984 /* Products */,
				84A6728B9CAA4D4FDBCC0A81 /* Pods */,
				A2B71ACBD72AF5EA3F12A9F3 /* Frameworks */,
			);
			sourceTree = "<group>";
		};
		AFA05DA12618A08C009EC984 /* Products */ = {
			isa = PBXGroup;
			children = (
				AFA05DA02618A08C009EC984 /* CafeNIBMV2.app */,
			);
			name = Products;
			sourceTree = "<group>";
		};
		AFA05DA22618A08C009EC984 /* CafeNIBMV2 */ = {
			isa = PBXGroup;
			children = (
				AFA05DBB2618A99D009EC984 /* Models */,
				AFA05DBA2618A990009EC984 /* Controllers */,
				AFA05DB82618A982009EC984 /* Views */,
				AFA05DA32618A08C009EC984 /* AppDelegate.swift */,
				AFA05DA52618A08C009EC984 /* SceneDelegate.swift */,
				AFA05DA72618A08C009EC984 /* ViewController.swift */,
				AFA05DAC2618A08E009EC984 /* Assets.xcassets */,
				AFA05DAE2618A08E009EC984 /* LaunchScreen.storyboard */,
				AFA05DB12618A08E009EC984 /* Info.plist */,
				AFA05DC92618BB11009EC984 /* GoogleService-Info.plist */,
				AFA05DC62618B682009EC984 /* Constants.swift */,
			);
			path = CafeNIBMV2;
			sourceTree = "<group>";
		};
		AFA05DB82618A982009EC984 /* Views */ = {
			isa = PBXGroup;
			children = (
				AFA05DA92618A08C009EC984 /* Main.storyboard */,
				AFA05DE62619A364009EC984 /* FoodSelectCell.swift */,
				AFA05DE72619A364009EC984 /* FoodSelectCell.xib */,
			);
			path = Views;
			sourceTree = "<group>";
		};
		AFA05DBA2618A990009EC984 /* Controllers */ = {
			isa = PBXGroup;
			children = (
				AFA05DBD2618AD99009EC984 /* RegisterViewController.swift */,
				AFA05DC02618B622009EC984 /* LoginViewController.swift */,
				AFA05DC32618B630009EC984 /* HomeViewController.swift */,
				AFA05DEB261A19F8009EC984 /* FoodDetailsViewController.swift */,
			);
			path = Controllers;
			sourceTree = "<group>";
		};
		AFA05DBB2618A99D009EC984 /* Models */ = {
			isa = PBXGroup;
			children = (
				AFA05DDE26197E63009EC984 /* FoodDetails.swift */,
			);
			path = Models;
			sourceTree = "<group>";
		};
/* End PBXGroup section */

/* Begin PBXNativeTarget section */
		AFA05D9F2618A08C009EC984 /* CafeNIBMV2 */ = {
			isa = PBXNativeTarget;
			buildConfigurationList = AFA05DB42618A08E009EC984 /* Build configuration list for PBXNativeTarget "CafeNIBMV2" */;
			buildPhases = (
				EB2D85D9294AA2100862BFA3 /* [CP] Check Pods Manifest.lock */,
				AFA05D9C2618A08C009EC984 /* Sources */,
				AFA05D9D2618A08C009EC984 /* Frameworks */,
				AFA05D9E2618A08C009EC984 /* Resources */,
				DB1BAD504F9970E1E30CDCA4 /* [CP] Embed Pods Frameworks */,
			);
			buildRules = (
			);
			dependencies = (
			);
			name = CafeNIBMV2;
			productName = CafeNIBMV2;
			productReference = AFA05DA02618A08C009EC984 /* CafeNIBMV2.app */;
			productType = "com.apple.product-type.application";
		};
/* End PBXNativeTarget section */

/* Begin PBXProject section */
		AFA05D982618A08C009EC984 /* Project object */ = {
			isa = PBXProject;
			attributes = {
				LastSwiftUpdateCheck = 1240;
				LastUpgradeCheck = 1240;
				TargetAttributes = {
					AFA05D9F2618A08C009EC984 = {
						CreatedOnToolsVersion = 12.4;
					};
				};
			};
			buildConfigurationList = AFA05D9B2618A08C009EC984 /* Build configuration list for PBXProject "CafeNIBMV2" */;
			compatibilityVersion = "Xcode 9.3";
			developmentRegion = en;
			hasScannedForEncodings = 0;
			knownRegions = (
				en,
				Base,
			);
			mainGroup = AFA05D972618A08C009EC984;
			productRefGroup = AFA05DA12618A08C009EC984 /* Products */;
			projectDirPath = "";
			projectRoot = "";
			targets = (
				AFA05D9F2618A08C009EC984 /* CafeNIBMV2 */,
			);
		};
/* End PBXProject section */

/* Begin PBXResourcesBuildPhase section */
		AFA05D9E2618A08C009EC984 /* Resources */ = {
			isa = PBXResourcesBuildPhase;
			buildActionMask = 2147483647;
			files = (
				AFA05DB02618A08E009EC984 /* LaunchScreen.storyboard in Resources */,
				AFA05DE92619A364009EC984 /* FoodSelectCell.xib in Resources */,
				AFA05DCA2618BB11009EC984 /* GoogleService-Info.plist in Resources */,
				AFA05DAD2618A08E009EC984 /* Assets.xcassets in Resources */,
				AFA05DAB2618A08C009EC984 /* Main.storyboard in Resources */,
			);
			runOnlyForDeploymentPostprocessing = 0;
		};
/* End PBXResourcesBuildPhase section */

/* Begin PBXShellScriptBuildPhase section */
		DB1BAD504F9970E1E30CDCA4 /* [CP] Embed Pods Frameworks */ = {
			isa = PBXShellScriptBuildPhase;
			buildActionMask = 2147483647;
			files = (
			);
			inputFileListPaths = (
				"${PODS_ROOT}/Target Support Files/Pods-CafeNIBMV2/Pods-CafeNIBMV2-frameworks-${CONFIGURATION}-input-files.xcfilelist",
			);
			name = "[CP] Embed Pods Frameworks";
			outputFileListPaths = (
				"${PODS_ROOT}/Target Support Files/Pods-CafeNIBMV2/Pods-CafeNIBMV2-frameworks-${CONFIGURATION}-output-files.xcfilelist",
			);
			runOnlyForDeploymentPostprocessing = 0;
			shellPath = /bin/sh;
			shellScript = "\"${PODS_ROOT}/Target Support Files/Pods-CafeNIBMV2/Pods-CafeNIBMV2-frameworks.sh\"\n";
			showEnvVarsInLog = 0;
		};
		EB2D85D9294AA2100862BFA3 /* [CP] Check Pods Manifest.lock */ = {
			isa = PBXShellScriptBuildPhase;
			buildActionMask = 2147483647;
			files = (
			);
			inputFileListPaths = (
			);
			inputPaths = (
				"${PODS_PODFILE_DIR_PATH}/Podfile.lock",
				"${PODS_ROOT}/Manifest.lock",
			);
			name = "[CP] Check Pods Manifest.lock";
			outputFileListPaths = (
			);
			outputPaths = (
				"$(DERIVED_FILE_DIR)/Pods-CafeNIBMV2-checkManifestLockResult.txt",
			);
			runOnlyForDeploymentPostprocessing = 0;
			shellPath = /bin/sh;
			shellScript = "diff \"${PODS_PODFILE_DIR_PATH}/Podfile.lock\" \"${PODS_ROOT}/Manifest.lock\" > /dev/null\nif [ $? != 0 ] ; then\n    # print error to STDERR\n    echo \"error: The sandbox is not in sync with the Podfile.lock. Run 'pod install' or update your CocoaPods installation.\" >&2\n    exit 1\nfi\n# This output is used by Xcode 'outputs' to avoid re-running this script phase.\necho \"SUCCESS\" > \"${SCRIPT_OUTPUT_FILE_0}\"\n";
			showEnvVarsInLog = 0;
		};
/* End PBXShellScriptBuildPhase section */

/* Begin PBXSourcesBuildPhase section */
		AFA05D9C2618A08C009EC984 /* Sources */ = {
			isa = PBXSourcesBuildPhase;
			buildActionMask = 2147483647;
			files = (
				AFA05DA82618A08C009EC984 /* ViewController.swift in Sources */,
				AFA05DA42618A08C009EC984 /* AppDelegate.swift in Sources */,
				AFA05DE82619A364009EC984 /* FoodSelectCell.swift in Sources */,
				AFA05DDF26197E63009EC984 /* FoodDetails.swift in Sources */,
				AFA05DA62618A08C009EC984 /* SceneDelegate.swift in Sources */,
				AFA05DC12618B622009EC984 /* LoginViewController.swift in Sources */,
				AFA05DC72618B682009EC984 /* Constants.swift in Sources */,
				AFA05DEC261A19F8009EC984 /* FoodDetailsViewController.swift in Sources */,
				AFA05DBE2618AD99009EC984 /* RegisterViewController.swift in Sources */,
				AFA05DC42618B630009EC984 /* HomeViewController.swift in Sources */,
			);
			runOnlyForDeploymentPostprocessing = 0;
		};
/* End PBXSourcesBuildPhase section */

/* Begin PBXVariantGroup section */
		AFA05DA92618A08C009EC984 /* Main.storyboard */ = {
			isa = PBXVariantGroup;
			children = (
				AFA05DAA2618A08C009EC984 /* Base */,
			);
			name = Main.storyboard;
			sourceTree = "<group>";
		};
		AFA05DAE2618A08E009EC984 /* LaunchScreen.storyboard */ = {
			isa = PBXVariantGroup;
			children = (
				AFA05DAF2618A08E009EC984 /* Base */,
			);
			name = LaunchScreen.storyboard;
			sourceTree = "<group>";
		};
/* End PBXVariantGroup section */

/* Begin XCBuildConfiguration section */
		AFA05DB22618A08E009EC984 /* Debug */ = {
			isa = XCBuildConfiguration;
			buildSettings = {
				ALWAYS_SEARCH_USER_PATHS = NO;
				CLANG_ANALYZER_NONNULL = YES;
				CLANG_ANALYZER_NUMBER_OBJECT_CONVERSION = YES_AGGRESSIVE;
				CLANG_CXX_LANGUAGE_STANDARD = "gnu++14";
				CLANG_CXX_LIBRARY = "libc++";
				CLANG_ENABLE_MODULES = YES;
				CLANG_ENABLE_OBJC_ARC = YES;
				CLANG_ENABLE_OBJC_WEAK = YES;
				CLANG_WARN_BLOCK_CAPTURE_AUTORELEASING = YES;
				CLANG_WARN_BOOL_CONVERSION = YES;
				CLANG_WARN_COMMA = YES;
				CLANG_WARN_CONSTANT_CONVERSION = YES;
				CLANG_WARN_DEPRECATED_OBJC_IMPLEMENTATIONS = YES;
				CLANG_WARN_DIRECT_OBJC_ISA_USAGE = YES_ERROR;
				CLANG_WARN_DOCUMENTATION_COMMENTS = YES;
				CLANG_WARN_EMPTY_BODY = YES;
				CLANG_WARN_ENUM_CONVERSION = YES;
				CLANG_WARN_INFINITE_RECURSION = YES;
				CLANG_WARN_INT_CONVERSION = YES;
				CLANG_WARN_NON_LITERAL_NULL_CONVERSION = YES;
				CLANG_WARN_OBJC_IMPLICIT_RETAIN_SELF = YES;
				CLANG_WARN_OBJC_LITERAL_CONVERSION = YES;
				CLANG_WARN_OBJC_ROOT_CLASS = YES_ERROR;
				CLANG_WARN_QUOTED_INCLUDE_IN_FRAMEWORK_HEADER = YES;
				CLANG_WARN_RANGE_LOOP_ANALYSIS = YES;
				CLANG_WARN_STRICT_PROTOTYPES = YES;
				CLANG_WARN_SUSPICIOUS_MOVE = YES;
				CLANG_WARN_UNGUARDED_AVAILABILITY = YES_AGGRESSIVE;
				CLANG_WARN_UNREACHABLE_CODE = YES;
				CLANG_WARN__DUPLICATE_METHOD_MATCH = YES;
				COPY_PHASE_STRIP = NO;
				DEBUG_INFORMATION_FORMAT = dwarf;
				ENABLE_STRICT_OBJC_MSGSEND = YES;
				ENABLE_TESTABILITY = YES;
				GCC_C_LANGUAGE_STANDARD = gnu11;
				GCC_DYNAMIC_NO_PIC = NO;
				GCC_NO_COMMON_BLOCKS = YES;
				GCC_OPTIMIZATION_LEVEL = 0;
				GCC_PREPROCESSOR_DEFINITIONS = (
					"DEBUG=1",
					"$(inherited)",
				);
				GCC_WARN_64_TO_32_BIT_CONVERSION = YES;
				GCC_WARN_ABOUT_RETURN_TYPE = YES_ERROR;
				GCC_WARN_UNDECLARED_SELECTOR = YES;
				GCC_WARN_UNINITIALIZED_AUTOS = YES_AGGRESSIVE;
				GCC_WARN_UNUSED_FUNCTION = YES;
				GCC_WARN_UNUSED_VARIABLE = YES;
				IPHONEOS_DEPLOYMENT_TARGET = 14.4;
				MTL_ENABLE_DEBUG_INFO = INCLUDE_SOURCE;
				MTL_FAST_MATH = YES;
				ONLY_ACTIVE_ARCH = YES;
				SDKROOT = iphoneos;
				SWIFT_ACTIVE_COMPILATION_CONDITIONS = DEBUG;
				SWIFT_OPTIMIZATION_LEVEL = "-Onone";
			};
			name = Debug;
		};
		AFA05DB32618A08E009EC984 /* Release */ = {
			isa = XCBuildConfiguration;
			buildSettings = {
				ALWAYS_SEARCH_USER_PATHS = NO;
				CLANG_ANALYZER_NONNULL = YES;
				CLANG_ANALYZER_NUMBER_OBJECT_CONVERSION = YES_AGGRESSIVE;
				CLANG_CXX_LANGUAGE_STANDARD = "gnu++14";
				CLANG_CXX_LIBRARY = "libc++";
				CLANG_ENABLE_MODULES = YES;
				CLANG_ENABLE_OBJC_ARC = YES;
				CLANG_ENABLE_OBJC_WEAK = YES;
				CLANG_WARN_BLOCK_CAPTURE_AUTORELEASING = YES;
				CLANG_WARN_BOOL_CONVERSION = YES;
				CLANG_WARN_COMMA = YES;
				CLANG_WARN_CONSTANT_CONVERSION = YES;
				CLANG_WARN_DEPRECATED_OBJC_IMPLEMENTATIONS = YES;
				CLANG_WARN_DIRECT_OBJC_ISA_USAGE = YES_ERROR;
				CLANG_WARN_DOCUMENTATION_COMMENTS = YES;
				CLANG_WARN_EMPTY_BODY = YES;
				CLANG_WARN_ENUM_CONVERSION = YES;
				CLANG_WARN_INFINITE_RECURSION = YES;
				CLANG_WARN_INT_CONVERSION = YES;
				CLANG_WARN_NON_LITERAL_NULL_CONVERSION = YES;
				CLANG_WARN_OBJC_IMPLICIT_RETAIN_SELF = YES;
				CLANG_WARN_OBJC_LITERAL_CONVERSION = YES;
				CLANG_WARN_OBJC_ROOT_CLASS = YES_ERROR;
				CLANG_WARN_QUOTED_INCLUDE_IN_FRAMEWORK_HEADER = YES;
				CLANG_WARN_RANGE_LOOP_ANALYSIS = YES;
				CLANG_WARN_STRICT_PROTOTYPES = YES;
				CLANG_WARN_SUSPICIOUS_MOVE = YES;
				CLANG_WARN_UNGUARDED_AVAILABILITY = YES_AGGRESSIVE;
				CLANG_WARN_UNREACHABLE_CODE = YES;
				CLANG_WARN__DUPLICATE_METHOD_MATCH = YES;
				COPY_PHASE_STRIP = NO;
				DEBUG_INFORMATION_FORMAT = "dwarf-with-dsym";
				ENABLE_NS_ASSERTIONS = NO;
				ENABLE_STRICT_OBJC_MSGSEND = YES;
				GCC_C_LANGUAGE_STANDARD = gnu11;
				GCC_NO_COMMON_BLOCKS = YES;
				GCC_WARN_64_TO_32_BIT_CONVERSION = YES;
				GCC_WARN_ABOUT_RETURN_TYPE = YES_ERROR;
				GCC_WARN_UNDECLARED_SELECTOR = YES;
				GCC_WARN_UNINITIALIZED_AUTOS = YES_AGGRESSIVE;
				GCC_WARN_UNUSED_FUNCTION = YES;
				GCC_WARN_UNUSED_VARIABLE = YES;
				IPHONEOS_DEPLOYMENT_TARGET = 14.4;
				MTL_ENABLE_DEBUG_INFO = NO;
				MTL_FAST_MATH = YES;
				SDKROOT = iphoneos;
				SWIFT_COMPILATION_MODE = wholemodule;
				SWIFT_OPTIMIZATION_LEVEL = "-O";
				VALIDATE_PRODUCT = YES;
			};
			name = Release;
		};
		AFA05DB52618A08E009EC984 /* Debug */ = {
			isa = XCBuildConfiguration;
			baseConfigurationReference = F86A9B1C17341BCBF0565837 /* Pods-CafeNIBMV2.debug.xcconfig */;
			buildSettings = {
				ASSETCATALOG_COMPILER_APPICON_NAME = AppIcon;
				ASSETCATALOG_COMPILER_GLOBAL_ACCENT_COLOR_NAME = AccentColor;
				CODE_SIGN_STYLE = Automatic;
				INFOPLIST_FILE = CafeNIBMV2/Info.plist;
				LD_RUNPATH_SEARCH_PATHS = (
					"$(inherited)",
					"@executable_path/Frameworks",
				);
				PRODUCT_BUNDLE_IDENTIFIER = com.imalka.Muthukumara.CafeNIBMV2;
				PRODUCT_NAME = "$(TARGET_NAME)";
				SWIFT_VERSION = 5.0;
				TARGETED_DEVICE_FAMILY = "1,2";
			};
			name = Debug;
		};
		AFA05DB62618A08E009EC984 /* Release */ = {
			isa = XCBuildConfiguration;
			baseConfigurationReference = 8069CA927F7B9F800F9D8CF4 /* Pods-CafeNIBMV2.release.xcconfig */;
			buildSettings = {
				ASSETCATALOG_COMPILER_APPICON_NAME = AppIcon;
				ASSETCATALOG_COMPILER_GLOBAL_ACCENT_COLOR_NAME = AccentColor;
				CODE_SIGN_STYLE = Automatic;
				INFOPLIST_FILE = CafeNIBMV2/Info.plist;
				LD_RUNPATH_SEARCH_PATHS = (
					"$(inherited)",
					"@executable_path/Frameworks",
				);
				PRODUCT_BUNDLE_IDENTIFIER = com.imalka.Muthukumara.CafeNIBMV2;
				PRODUCT_NAME = "$(TARGET_NAME)";
				SWIFT_VERSION = 5.0;
				TARGETED_DEVICE_FAMILY = "1,2";
			};
			name = Release;
		};
/* End XCBuildConfiguration section */

/* Begin XCConfigurationList section */
		AFA05D9B2618A08C009EC984 /* Build configuration list for PBXProject "CafeNIBMV2" */ = {
			isa = XCConfigurationList;
			buildConfigurations = (
				AFA05DB22618A08E009EC984 /* Debug */,
				AFA05DB32618A08E009EC984 /* Release */,
			);
			defaultConfigurationIsVisible = 0;
			defaultConfigurationName = Release;
		};
		AFA05DB42618A08E009EC984 /* Build configuration list for PBXNativeTarget "CafeNIBMV2" */ = {
			isa = XCConfigurationList;
			buildConfigurations = (
				AFA05DB52618A08E009EC984 /* Debug */,
				AFA05DB62618A08E009EC984 /* Release */,
			);
			defaultConfigurationIsVisible = 0;
			defaultConfigurationName = Release;
		};
/* End XCConfigurationList section */
	};
	rootObject = AFA05D982618A08C009EC984 /* Project object */;
}
